
Microsoft Visual Studio Solution File, Format Version 12.00
# Visual Studio Version 17
VisualStudioVersion = 17.9.34607.119
MinimumVisualStudioVersion = 10.0.40219.1
Project("{9A19103F-16F7-4668-BE54-9A1E7A4F7556}") = "DemoRoutes", "DemoRoutes.csproj", "{CEFB6610-E060-4788-830C-52FF14FA96E8}"
EndProject
Global
	GlobalSection(SolutionConfigurationPlatforms) = preSolution
		Debug|Any CPU = Debug|Any CPU
		Release|Any CPU = Release|Any CPU
	EndGlobalSection
	GlobalSection(ProjectConfigurationPlatforms) = postSolution
		{CEFB6610-E060-4788-830C-52FF14FA96E8}.Debug|Any CPU.ActiveCfg = Debug|Any CPU
		{CEFB6610-E060-4788-830C-52FF14FA96E8}.Debug|Any CPU.Build.0 = Debug|Any CPU
		{CEFB6610-E060-4788-830C-52FF14FA96E8}.Release|Any CPU.ActiveCfg = Release|Any CPU
		{CEFB6610-E060-4788-830C-52FF14FA96E8}.Release|Any CPU.Build.0 = Release|Any CPU
	EndGlobalSection
	GlobalSection(SolutionProperties) = preSolution
		HideSolutionNode = FALSE
	EndGlobalSection
	GlobalSection(ExtensibilityGlobals) = postSolution
		SolutionGuid = {623A1ECF-1662-43E5-9FA1-D590854A4F1F}
	EndGlobalSection
EndGlobal
